
Microsoft Visual Studio Solution File, Format Version 12.00
# Visual Studio 15
VisualStudioVersion = 15.0.26730.10
MinimumVisualStudioVersion = 10.0.40219.1
Project("{FAE04EC0-301F-11D3-BF4B-00C04F79EFBC}") = "CeramicsStoreShopManagement", "CeramicsStoreShopManagement\CeramicsStoreShopManagement.csproj", "{26A550AE-4D96-4C03-9969-5C55E9E7B4F6}"
EndProject
Project("{FAE04EC0-301F-11D3-BF4B-00C04F79EFBC}") = "CeramicsStoreShopManagement.Tests", "CeramicsStoreShopManagement.Tests\CeramicsStoreShopManagement.Tests.csproj", "{60DD3F76-3515-4399-A23C-593C5CE43526}"
EndProject
Global
	GlobalSection(SolutionConfigurationPlatforms) = preSolution
		Debug|Any CPU = Debug|Any CPU
		Release|Any CPU = Release|Any CPU
	EndGlobalSection
	GlobalSection(ProjectConfigurationPlatforms) = postSolution
		{26A550AE-4D96-4C03-9969-5C55E9E7B4F6}.Debug|Any CPU.ActiveCfg = Debug|Any CPU
		{26A550AE-4D96-4C03-9969-5C55E9E7B4F6}.Debug|Any CPU.Build.0 = Debug|Any CPU
		{26A550AE-4D96-4C03-9969-5C55E9E7B4F6}.Release|Any CPU.ActiveCfg = Release|Any CPU
		{26A550AE-4D96-4C03-9969-5C55E9E7B4F6}.Release|Any CPU.Build.0 = Release|Any CPU
		{60DD3F76-3515-4399-A23C-593C5CE43526}.Debug|Any CPU.ActiveCfg = Debug|Any CPU
		{60DD3F76-3515-4399-A23C-593C5CE43526}.Debug|Any CPU.Build.0 = Debug|Any CPU
		{60DD3F76-3515-4399-A23C-593C5CE43526}.Release|Any CPU.ActiveCfg = Release|Any CPU
		{60DD3F76-3515-4399-A23C-593C5CE43526}.Release|Any CPU.Build.0 = Release|Any CPU
	EndGlobalSection
	GlobalSection(SolutionProperties) = preSolution
		HideSolutionNode = FALSE
	EndGlobalSection
	GlobalSection(ExtensibilityGlobals) = postSolution
		SolutionGuid = {D6C0360D-9FBE-49CC-8106-E1CF9B0B7D2B}
	EndGlobalSection
EndGlobal
